
Microsoft Visual Studio Solution File, Format Version 12.00
# Visual Studio Version 17
VisualStudioVersion = 17.11.35327.3
MinimumVisualStudioVersion = 10.0.40219.1
Project("{FAE04EC0-301F-11D3-BF4B-00C04F79EFBC}") = "arwaa", "arwaa.csproj", "{5DFFCAE1-F0C4-4234-9AB0-44FF1CF7C297}"
EndProject
Global
	GlobalSection(SolutionConfigurationPlatforms) = preSolution
		Debug|Any CPU = Debug|Any CPU
		Release|Any CPU = Release|Any CPU
	EndGlobalSection
	GlobalSection(ProjectConfigurationPlatforms) = postSolution
		{5DFFCAE1-F0C4-4234-9AB0-44FF1CF7C297}.Debug|Any CPU.ActiveCfg = Debug|Any CPU
		{5DFFCAE1-F0C4-4234-9AB0-44FF1CF7C297}.Debug|Any CPU.Build.0 = Debug|Any CPU
		{5DFFCAE1-F0C4-4234-9AB0-44FF1CF7C297}.Release|Any CPU.ActiveCfg = Release|Any CPU
		{5DFFCAE1-F0C4-4234-9AB0-44FF1CF7C297}.Release|Any CPU.Build.0 = Release|Any CPU
	EndGlobalSection
	GlobalSection(SolutionProperties) = preSolution
		HideSolutionNode = FALSE
	EndGlobalSection
	GlobalSection(ExtensibilityGlobals) = postSolution
		SolutionGuid = {5ACC122D-4BA0-41BF-9E95-21B808ECAC35}
	EndGlobalSection
EndGlobal
